// !$*UTF8*$!
{
	archiveVersion = 1;
	classes = {
	};
	objectVersion = 46;
	objects = {

/* Begin PBXBuildFile section */
		037837441F3FE2EF00996C9F /* ViewController.swift in Sources */ = {isa = PBXBuildFile; fileRef = 037837421F3FE2EF00996C9F /* ViewController.swift */; };
		037837451F3FE2EF00996C9F /* ViewController.xib in Resources */ = {isa = PBXBuildFile; fileRef = 037837431F3FE2EF00996C9F /* ViewController.xib */; };
		03F810701F3FCBB300CB3D78 /* AppDelegate.swift in Sources */ = {isa = PBXBuildFile; fileRef = 03F8106F1F3FCBB300CB3D78 /* AppDelegate.swift */; };
		03F810771F3FCBB300CB3D78 /* Assets.xcassets in Resources */ = {isa = PBXBuildFile; fileRef = 03F810761F3FCBB300CB3D78 /* Assets.xcassets */; };
		03F810851F3FCBB300CB3D78 /* chocolateTests.swift in Sources */ = {isa = PBXBuildFile; fileRef = 03F810841F3FCBB300CB3D78 /* chocolateTests.swift */; };
		5A6549905CB06580CA78AF6A /* Pods_chocolate.framework in Frameworks */ = {isa = PBXBuildFile; fileRef = BBF74B9F21FD6EED1976BF76 /* Pods_chocolate.framework */; };
		CE0218677A16085C38AAD218 /* Pods_chocolateTests.framework in Frameworks */ = {isa = PBXBuildFile; fileRef = 55BCCFC918055C8BAB3A9765 /* Pods_chocolateTests.framework */; };
/* End PBXBuildFile section */

/* Begin PBXContainerItemProxy section */
		03F810811F3FCBB300CB3D78 /* PBXContainerItemProxy */ = {
			isa = PBXContainerItemProxy;
			containerPortal = 03F810641F3FCBB300CB3D78 /* Project object */;
			proxyType = 1;
			remoteGlobalIDString = 03F8106B1F3FCBB300CB3D78;
			remoteInfo = chocolate;
		};
/* End PBXContainerItemProxy section */

/* Begin PBXFileReference section */
		037837421F3FE2EF00996C9F /* ViewController.swift */ = {isa = PBXFileReference; lastKnownFileType = sourcecode.swift; path = ViewController.swift; sourceTree = "<group>"; };
		037837431F3FE2EF00996C9F /* ViewController.xib */ = {isa = PBXFileReference; lastKnownFileType = file.xib; path = ViewController.xib; sourceTree = "<group>"; };
		03F8106C1F3FCBB300CB3D78 /* chocolate.app */ = {isa = PBXFileReference; explicitFileType = wrapper.application; includeInIndex = 0; path = chocolate.app; sourceTree = BUILT_PRODUCTS_DIR; };
		03F8106F1F3FCBB300CB3D78 /* AppDelegate.swift */ = {isa = PBXFileReference; lastKnownFileType = sourcecode.swift; path = AppDelegate.swift; sourceTree = "<group>"; };
		03F810761F3FCBB300CB3D78 /* Assets.xcassets */ = {isa = PBXFileReference; lastKnownFileType = folder.assetcatalog; path = Assets.xcassets; sourceTree = "<group>"; };
		03F8107B1F3FCBB300CB3D78 /* Info.plist */ = {isa = PBXFileReference; lastKnownFileType = text.plist.xml; path = Info.plist; sourceTree = "<group>"; };
		03F810801F3FCBB300CB3D78 /* chocolateTests.xctest */ = {isa = PBXFileReference; explicitFileType = wrapper.cfbundle; includeInIndex = 0; path = chocolateTests.xctest; sourceTree = BUILT_PRODUCTS_DIR; };
		03F810841F3FCBB300CB3D78 /* chocolateTests.swift */ = {isa = PBXFileReference; lastKnownFileType = sourcecode.swift; path = chocolateTests.swift; sourceTree = "<group>"; };
		03F810861F3FCBB300CB3D78 /* Info.plist */ = {isa = PBXFileReference; lastKnownFileType = text.plist.xml; path = Info.plist; sourceTree = "<group>"; };
		55BCCFC918055C8BAB3A9765 /* Pods_chocolateTests.framework */ = {isa = PBXFileReference; explicitFileType = wrapper.framework; includeInIndex = 0; path = Pods_chocolateTests.framework; sourceTree = BUILT_PRODUCTS_DIR; };
		874398CC3686128E8864A6CC /* Pods-chocolate.debug.xcconfig */ = {isa = PBXFileReference; includeInIndex = 1; lastKnownFileType = text.xcconfig; name = "Pods-chocolate.debug.xcconfig"; path = "Pods/Target Support Files/Pods-chocolate/Pods-chocolate.debug.xcconfig"; sourceTree = "<group>"; };
		98733014E6CB52ACCDCDCDAF /* Pods-chocolateTests.release.xcconfig */ = {isa = PBXFileReference; includeInIndex = 1; lastKnownFileType = text.xcconfig; name = "Pods-chocolateTests.release.xcconfig"; path = "Pods/Target Support Files/Pods-chocolateTests/Pods-chocolateTests.release.xcconfig"; sourceTree = "<group>"; };
		BBF74B9F21FD6EED1976BF76 /* Pods_chocolate.framework */ = {isa = PBXFileReference; explicitFileType = wrapper.framework; includeInIndex = 0; path = Pods_chocolate.framework; sourceTree = BUILT_PRODUCTS_DIR; };
		D5955AEA796F763DCDC8A8C2 /* Pods-chocolateTests.debug.xcconfig */ = {isa = PBXFileReference; includeInIndex = 1; lastKnownFileType = text.xcconfig; name = "Pods-chocolateTests.debug.xcconfig"; path = "Pods/Target Support Files/Pods-chocolateTests/Pods-chocolateTests.debug.xcconfig"; sourceTree = "<group>"; };
		EF022CEFAC9A11479EACAEC0 /* Pods-chocolate.release.xcconfig */ = {isa = PBXFileReference; includeInIndex = 1; lastKnownFileType = text.xcconfig; name = "Pods-chocolate.release.xcconfig"; path = "Pods/Target Support Files/Pods-chocolate/Pods-chocolate.release.xcconfig"; sourceTree = "<group>"; };
/* End PBXFileReference section */

/* Begin PBXFrameworksBuildPhase section */
		03F810691F3FCBB300CB3D78 /* Frameworks */ = {
			isa = PBXFrameworksBuildPhase;
			buildActionMask = 2147483647;
			files = (
				5A6549905CB06580CA78AF6A /* Pods_chocolate.framework in Frameworks */,
			);
			runOnlyForDeploymentPostprocessing = 0;
		};
		03F8107D1F3FCBB300CB3D78 /* Frameworks */ = {
			isa = PBXFrameworksBuildPhase;
			buildActionMask = 2147483647;
			files = (
				CE0218677A16085C38AAD218 /* Pods_chocolateTests.framework in Frameworks */,
			);
			runOnlyForDeploymentPostprocessing = 0;
		};
/* End PBXFrameworksBuildPhase section */

/* Begin PBXGroup section */
		03F810631F3FCBB300CB3D78 = {
			isa = PBXGroup;
			children = (
				03F8106E1F3FCBB300CB3D78 /* chocolate */,
				03F810831F3FCBB300CB3D78 /* chocolateTests */,
				03F8106D1F3FCBB300CB3D78 /* Products */,
				598D9A8D057E5027DE1B0A03 /* Pods */,
				AA81AC41DFABBF8C28365888 /* Frameworks */,
			);
			sourceTree = "<group>";
		};
		03F8106D1F3FCBB300CB3D78 /* Products */ = {
			isa = PBXGroup;
			children = (
				03F8106C1F3FCBB300CB3D78 /* chocolate.app */,
				03F810801F3FCBB300CB3D78 /* chocolateTests.xctest */,
			);
			name = Products;
			sourceTree = "<group>";
		};
		03F8106E1F3FCBB300CB3D78 /* chocolate */ = {
			isa = PBXGroup;
			children = (
				03F8107B1F3FCBB300CB3D78 /* Info.plist */,
				03F8106F1F3FCBB300CB3D78 /* AppDelegate.swift */,
				03F810761F3FCBB300CB3D78 /* Assets.xcassets */,
				037837421F3FE2EF00996C9F /* ViewController.swift */,
				037837431F3FE2EF00996C9F /* ViewController.xib */,
			);
			path = chocolate;
			sourceTree = "<group>";
		};
		03F810831F3FCBB300CB3D78 /* chocolateTests */ = {
			isa = PBXGroup;
			children = (
				03F810841F3FCBB300CB3D78 /* chocolateTests.swift */,
				03F810861F3FCBB300CB3D78 /* Info.plist */,
			);
			path = chocolateTests;
			sourceTree = "<group>";
		};
		598D9A8D057E5027DE1B0A03 /* Pods */ = {
			isa = PBXGroup;
			children = (
				874398CC3686128E8864A6CC /* Pods-chocolate.debug.xcconfig */,
				EF022CEFAC9A11479EACAEC0 /* Pods-chocolate.release.xcconfig */,
				D5955AEA796F763DCDC8A8C2 /* Pods-chocolateTests.debug.xcconfig */,
				98733014E6CB52ACCDCDCDAF /* Pods-chocolateTests.release.xcconfig */,
			);
			name = Pods;
			sourceTree = "<group>";
		};
		AA81AC41DFABBF8C28365888 /* Frameworks */ = {
			isa = PBXGroup;
			children = (
				BBF74B9F21FD6EED1976BF76 /* Pods_chocolate.framework */,
				55BCCFC918055C8BAB3A9765 /* Pods_chocolateTests.framework */,
			);
			name = Frameworks;
			sourceTree = "<group>";
		};
/* End PBXGroup section */

/* Begin PBXNativeTarget section */
		03F8106B1F3FCBB300CB3D78 /* chocolate */ = {
			isa = PBXNativeTarget;
			buildConfigurationList = 03F810891F3FCBB300CB3D78 /* Build configuration list for PBXNativeTarget "chocolate" */;
			buildPhases = (
				92DC2E02666E1D6E3BA4A657 /* [CP] Check Pods Manifest.lock */,
				03F810681F3FCBB300CB3D78 /* Sources */,
				03F810691F3FCBB300CB3D78 /* Frameworks */,
				03F8106A1F3FCBB300CB3D78 /* Resources */,
				1F70E8E524CA1E6197BC6B67 /* [CP] Embed Pods Frameworks */,
				F8560CFB75BAB08B641015C3 /* [CP] Copy Pods Resources */,
			);
			buildRules = (
			);
			dependencies = (
			);
			name = chocolate;
			productName = chocolate;
			productReference = 03F8106C1F3FCBB300CB3D78 /* chocolate.app */;
			productType = "com.apple.product-type.application";
		};
		03F8107F1F3FCBB300CB3D78 /* chocolateTests */ = {
			isa = PBXNativeTarget;
			buildConfigurationList = 03F8108C1F3FCBB300CB3D78 /* Build configuration list for PBXNativeTarget "chocolateTests" */;
			buildPhases = (
				2AD516D83E1CC70CE0FC00C2 /* [CP] Check Pods Manifest.lock */,
				03F8107C1F3FCBB300CB3D78 /* Sources */,
				03F8107D1F3FCBB300CB3D78 /* Frameworks */,
				03F8107E1F3FCBB300CB3D78 /* Resources */,
				4D91B63147396691C13CFE3F /* [CP] Embed Pods Frameworks */,
				47DD70F7BCFC9AE6389535C2 /* [CP] Copy Pods Resources */,
			);
			buildRules = (
			);
			dependencies = (
				03F810821F3FCBB300CB3D78 /* PBXTargetDependency */,
			);
			name = chocolateTests;
			productName = chocolateTests;
			productReference = 03F810801F3FCBB300CB3D78 /* chocolateTests.xctest */;
			productType = "com.apple.product-type.bundle.unit-test";
		};
/* End PBXNativeTarget section */

/* Begin PBXProject section */
		03F810641F3FCBB300CB3D78 /* Project object */ = {
			isa = PBXProject;
			attributes = {
				LastSwiftUpdateCheck = 0830;
				LastUpgradeCheck = 0830;
				ORGANIZATIONNAME = "Harsh Shah";
				TargetAttributes = {
					03F8106B1F3FCBB300CB3D78 = {
						CreatedOnToolsVersion = 8.3.3;
						DevelopmentTeam = 4TXS6T9GMD;
						ProvisioningStyle = Automatic;
					};
					03F8107F1F3FCBB300CB3D78 = {
						CreatedOnToolsVersion = 8.3.3;
						DevelopmentTeam = 4TXS6T9GMD;
						ProvisioningStyle = Automatic;
						TestTargetID = 03F8106B1F3FCBB300CB3D78;
					};
				};
			};
			buildConfigurationList = 03F810671F3FCBB300CB3D78 /* Build configuration list for PBXProject "chocolate" */;
			compatibilityVersion = "Xcode 3.2";
			developmentRegion = English;
			hasScannedForEncodings = 0;
			knownRegions = (
				en,
				Base,
			);
			mainGroup = 03F810631F3FCBB300CB3D78;
			productRefGroup = 03F8106D1F3FCBB300CB3D78 /* Products */;
			projectDirPath = "";
			projectRoot = "";
			targets = (
				03F8106B1F3FCBB300CB3D78 /* chocolate */,
				03F8107F1F3FCBB300CB3D78 /* chocolateTests */,
			);
		};
/* End PBXProject section */

/* Begin PBXResourcesBuildPhase section */
		03F8106A1F3FCBB300CB3D78 /* Resources */ = {
			isa = PBXResourcesBuildPhase;
			buildActionMask = 2147483647;
			files = (
				037837451F3FE2EF00996C9F /* ViewController.xib in Resources */,
				03F810771F3FCBB300CB3D78 /* Assets.xcassets in Resources */,
			);
			runOnlyForDeploymentPostprocessing = 0;
		};
		03F8107E1F3FCBB300CB3D78 /* Resources */ = {
			isa = PBXResourcesBuildPhase;
			buildActionMask = 2147483647;
			files = (
			);
			runOnlyForDeploymentPostprocessing = 0;
		};
/* End PBXResourcesBuildPhase section */

/* Begin PBXShellScriptBuildPhase section */
		1F70E8E524CA1E6197BC6B67 /* [CP] Embed Pods Frameworks */ = {
			isa = PBXShellScriptBuildPhase;
			buildActionMask = 2147483647;
			files = (
			);
			inputPaths = (
			);
			name = "[CP] Embed Pods Frameworks";
			outputPaths = (
			);
			runOnlyForDeploymentPostprocessing = 0;
			shellPath = /bin/sh;
			shellScript = "\"${SRCROOT}/Pods/Target Support Files/Pods-chocolate/Pods-chocolate-frameworks.sh\"\n";
			showEnvVarsInLog = 0;
		};
		2AD516D83E1CC70CE0FC00C2 /* [CP] Check Pods Manifest.lock */ = {
			isa = PBXShellScriptBuildPhase;
			buildActionMask = 2147483647;
			files = (
			);
			inputPaths = (
				"${PODS_PODFILE_DIR_PATH}/Podfile.lock",
				"${PODS_ROOT}/Manifest.lock",
			);
			name = "[CP] Check Pods Manifest.lock";
			outputPaths = (
				"$(DERIVED_FILE_DIR)/Pods-chocolateTests-checkManifestLockResult.txt",
			);
			runOnlyForDeploymentPostprocessing = 0;
			shellPath = /bin/sh;
			shellScript = "diff \"${PODS_PODFILE_DIR_PATH}/Podfile.lock\" \"${PODS_ROOT}/Manifest.lock\" > /dev/null\nif [ $? != 0 ] ; then\n    # print error to STDERR\n    echo \"error: The sandbox is not in sync with the Podfile.lock. Run 'pod install' or update your CocoaPods installation.\" >&2\n    exit 1\nfi\n# This output is used by Xcode 'outputs' to avoid re-running this script phase.\necho \"SUCCESS\" > \"${SCRIPT_OUTPUT_FILE_0}\"\n";
			showEnvVarsInLog = 0;
		};
		47DD70F7BCFC9AE6389535C2 /* [CP] Copy Pods Resources */ = {
			isa = PBXShellScriptBuildPhase;
			buildActionMask = 2147483647;
			files = (
			);
			inputPaths = (
			);
			name = "[CP] Copy Pods Resources";
			outputPaths = (
			);
			runOnlyForDeploymentPostprocessing = 0;
			shellPath = /bin/sh;
			shellScript = "\"${SRCROOT}/Pods/Target Support Files/Pods-chocolateTests/Pods-chocolateTests-resources.sh\"\n";
			showEnvVarsInLog = 0;
		};
		4D91B63147396691C13CFE3F /* [CP] Embed Pods Frameworks */ = {
			isa = PBXShellScriptBuildPhase;
			buildActionMask = 2147483647;
			files = (
			);
			inputPaths = (
			);
			name = "[CP] Embed Pods Frameworks";
			outputPaths = (
			);
			runOnlyForDeploymentPostprocessing = 0;
			shellPath = /bin/sh;
			shellScript = "\"${SRCROOT}/Pods/Target Support Files/Pods-chocolateTests/Pods-chocolateTests-frameworks.sh\"\n";
			showEnvVarsInLog = 0;
		};
		92DC2E02666E1D6E3BA4A657 /* [CP] Check Pods Manifest.lock */ = {
			isa = PBXShellScriptBuildPhase;
			buildActionMask = 2147483647;
			files = (
			);
			inputPaths = (
				"${PODS_PODFILE_DIR_PATH}/Podfile.lock",
				"${PODS_ROOT}/Manifest.lock",
			);
			name = "[CP] Check Pods Manifest.lock";
			outputPaths = (
				"$(DERIVED_FILE_DIR)/Pods-chocolate-checkManifestLockResult.txt",
			);
			runOnlyForDeploymentPostprocessing = 0;
			shellPath = /bin/sh;
			shellScript = "diff \"${PODS_PODFILE_DIR_PATH}/Podfile.lock\" \"${PODS_ROOT}/Manifest.lock\" > /dev/null\nif [ $? != 0 ] ; then\n    # print error to STDERR\n    echo \"error: The sandbox is not in sync with the Podfile.lock. Run 'pod install' or update your CocoaPods installation.\" >&2\n    exit 1\nfi\n# This output is used by Xcode 'outputs' to avoid re-running this script phase.\necho \"SUCCESS\" > \"${SCRIPT_OUTPUT_FILE_0}\"\n";
			showEnvVarsInLog = 0;
		};
		F8560CFB75BAB08B641015C3 /* [CP] Copy Pods Resources */ = {
			isa = PBXShellScriptBuildPhase;
			buildActionMask = 2147483647;
			files = (
			);
			inputPaths = (
			);
			name = "[CP] Copy Pods Resources";
			outputPaths = (
			);
			runOnlyForDeploymentPostprocessing = 0;
			shellPath = /bin/sh;
			shellScript = "\"${SRCROOT}/Pods/Target Support Files/Pods-chocolate/Pods-chocolate-resources.sh\"\n";
			showEnvVarsInLog = 0;
		};
/* End PBXShellScriptBuildPhase section */

/* Begin PBXSourcesBuildPhase section */
		03F810681F3FCBB300CB3D78 /* Sources */ = {
			isa = PBXSourcesBuildPhase;
			buildActionMask = 2147483647;
			files = (
				037837441F3FE2EF00996C9F /* ViewController.swift in Sources */,
				03F810701F3FCBB300CB3D78 /* AppDelegate.swift in Sources */,
			);
			runOnlyForDeploymentPostprocessing = 0;
		};
		03F8107C1F3FCBB300CB3D78 /* Sources */ = {
			isa = PBXSourcesBuildPhase;
			buildActionMask = 2147483647;
			files = (
				03F810851F3FCBB300CB3D78 /* chocolateTests.swift in Sources */,
			);
			runOnlyForDeploymentPostprocessing = 0;
		};
/* End PBXSourcesBuildPhase section */

/* Begin PBXTargetDependency section */
		03F810821F3FCBB300CB3D78 /* PBXTargetDependency */ = {
			isa = PBXTargetDependency;
			target = 03F8106B1F3FCBB300CB3D78 /* chocolate */;
			targetProxy = 03F810811F3FCBB300CB3D78 /* PBXContainerItemProxy */;
		};
/* End PBXTargetDependency section */

/* Begin XCBuildConfiguration section */
		03F810871F3FCBB300CB3D78 /* Debug */ = {
			isa = XCBuildConfiguration;
			buildSettings = {
				ALWAYS_SEARCH_USER_PATHS = NO;
				CLANG_ANALYZER_NONNULL = YES;
				CLANG_ANALYZER_NUMBER_OBJECT_CONVERSION = YES_AGGRESSIVE;
				CLANG_CXX_LANGUAGE_STANDARD = "gnu++0x";
				CLANG_CXX_LIBRARY = "libc++";
				CLANG_ENABLE_MODULES = YES;
				CLANG_ENABLE_OBJC_ARC = YES;
				CLANG_WARN_BOOL_CONVERSION = YES;
				CLANG_WARN_CONSTANT_CONVERSION = YES;
				CLANG_WARN_DIRECT_OBJC_ISA_USAGE = YES_ERROR;
				CLANG_WARN_DOCUMENTATION_COMMENTS = YES;
				CLANG_WARN_EMPTY_BODY = YES;
				CLANG_WARN_ENUM_CONVERSION = YES;
				CLANG_WARN_INFINITE_RECURSION = YES;
				CLANG_WARN_INT_CONVERSION = YES;
				CLANG_WARN_OBJC_ROOT_CLASS = YES_ERROR;
				CLANG_WARN_SUSPICIOUS_MOVE = YES;
				CLANG_WARN_UNREACHABLE_CODE = YES;
				CLANG_WARN__DUPLICATE_METHOD_MATCH = YES;
				"CODE_SIGN_IDENTITY[sdk=iphoneos*]" = "iPhone Developer";
				COPY_PHASE_STRIP = NO;
				DEBUG_INFORMATION_FORMAT = dwarf;
				ENABLE_STRICT_OBJC_MSGSEND = YES;
				ENABLE_TESTABILITY = YES;
				GCC_C_LANGUAGE_STANDARD = gnu99;
				GCC_DYNAMIC_NO_PIC = NO;
				GCC_NO_COMMON_BLOCKS = YES;
				GCC_OPTIMIZATION_LEVEL = 0;
				GCC_PREPROCESSOR_DEFINITIONS = (
					"DEBUG=1",
					"$(inherited)",
				);
				GCC_WARN_64_TO_32_BIT_CONVERSION = YES;
				GCC_WARN_ABOUT_RETURN_TYPE = YES_ERROR;
				GCC_WARN_UNDECLARED_SELECTOR = YES;
				GCC_WARN_UNINITIALIZED_AUTOS = YES_AGGRESSIVE;
				GCC_WARN_UNUSED_FUNCTION = YES;
				GCC_WARN_UNUSED_VARIABLE = YES;
				IPHONEOS_DEPLOYMENT_TARGET = 10.3;
				MTL_ENABLE_DEBUG_INFO = YES;
				ONLY_ACTIVE_ARCH = YES;
				SDKROOT = iphoneos;
				SWIFT_ACTIVE_COMPILATION_CONDITIONS = DEBUG;
				SWIFT_OPTIMIZATION_LEVEL = "-Onone";
			};
			name = Debug;
		};
		03F810881F3FCBB300CB3D78 /* Release */ = {
			isa = XCBuildConfiguration;
			buildSettings = {
				ALWAYS_SEARCH_USER_PATHS = NO;
				CLANG_ANALYZER_NONNULL = YES;
				CLANG_ANALYZER_NUMBER_OBJECT_CONVERSION = YES_AGGRESSIVE;
				CLANG_CXX_LANGUAGE_STANDARD = "gnu++0x";
				CLANG_CXX_LIBRARY = "libc++";
				CLANG_ENABLE_MODULES = YES;
				CLANG_ENABLE_OBJC_ARC = YES;
				CLANG_WARN_BOOL_CONVERSION = YES;
				CLANG_WARN_CONSTANT_CONVERSION = YES;
				CLANG_WARN_DIRECT_OBJC_ISA_USAGE = YES_ERROR;
				CLANG_WARN_DOCUMENTATION_COMMENTS = YES;
				CLANG_WARN_EMPTY_BODY = YES;
				CLANG_WARN_ENUM_CONVERSION = YES;
				CLANG_WARN_INFINITE_RECURSION = YES;
				CLANG_WARN_INT_CONVERSION = YES;
				CLANG_WARN_OBJC_ROOT_CLASS = YES_ERROR;
				CLANG_WARN_SUSPICIOUS_MOVE = YES;
				CLANG_WARN_UNREACHABLE_CODE = YES;
				CLANG_WARN__DUPLICATE_METHOD_MATCH = YES;
				"CODE_SIGN_IDENTITY[sdk=iphoneos*]" = "iPhone Developer";
				COPY_PHASE_STRIP = NO;
				DEBUG_INFORMATION_FORMAT = "dwarf-with-dsym";
				ENABLE_NS_ASSERTIONS = NO;
				ENABLE_STRICT_OBJC_MSGSEND = YES;
				GCC_C_LANGUAGE_STANDARD = gnu99;
				GCC_NO_COMMON_BLOCKS = YES;
				GCC_WARN_64_TO_32_BIT_CONVERSION = YES;
				GCC_WARN_ABOUT_RETURN_TYPE = YES_ERROR;
				GCC_WARN_UNDECLARED_SELECTOR = YES;
				GCC_WARN_UNINITIALIZED_AUTOS = YES_AGGRESSIVE;
				GCC_WARN_UNUSED_FUNCTION = YES;
				GCC_WARN_UNUSED_VARIABLE = YES;
				IPHONEOS_DEPLOYMENT_TARGET = 10.3;
				MTL_ENABLE_DEBUG_INFO = NO;
				SDKROOT = iphoneos;
				SWIFT_OPTIMIZATION_LEVEL = "-Owholemodule";
				VALIDATE_PRODUCT = YES;
			};
			name = Release;
		};
		03F8108A1F3FCBB300CB3D78 /* Debug */ = {
			isa = XCBuildConfiguration;
			baseConfigurationReference = 874398CC3686128E8864A6CC /* Pods-chocolate.debug.xcconfig */;
			buildSettings = {
				ASSETCATALOG_COMPILER_APPICON_NAME = AppIcon;
				DEVELOPMENT_TEAM = 4TXS6T9GMD;
				INFOPLIST_FILE = chocolate/Info.plist;
				IPHONEOS_DEPLOYMENT_TARGET = 10.0;
				LD_RUNPATH_SEARCH_PATHS = "$(inherited) @executable_path/Frameworks";
				PRODUCT_BUNDLE_IDENTIFIER = com.harsh.chocolate;
				PRODUCT_NAME = "$(TARGET_NAME)";
				SWIFT_VERSION = 3.0;
			};
			name = Debug;
		};
		03F8108B1F3FCBB300CB3D78 /* Release */ = {
			isa = XCBuildConfiguration;
			baseConfigurationReference = EF022CEFAC9A11479EACAEC0 /* Pods-chocolate.release.xcconfig */;
			buildSettings = {
				ASSETCATALOG_COMPILER_APPICON_NAME = AppIcon;
				DEVELOPMENT_TEAM = 4TXS6T9GMD;
				INFOPLIST_FILE = chocolate/Info.plist;
				IPHONEOS_DEPLOYMENT_TARGET = 10.0;
				LD_RUNPATH_SEARCH_PATHS = "$(inherited) @executable_path/Frameworks";
				PRODUCT_BUNDLE_IDENTIFIER = com.harsh.chocolate;
				PRODUCT_NAME = "$(TARGET_NAME)";
				SWIFT_VERSION = 3.0;
			};
			name = Release;
		};
		03F8108D1F3FCBB300CB3D78 /* Debug */ = {
			isa = XCBuildConfiguration;
			baseConfigurationReference = D5955AEA796F763DCDC8A8C2 /* Pods-chocolateTests.debug.xcconfig */;
			buildSettings = {
				ALWAYS_EMBED_SWIFT_STANDARD_LIBRARIES = YES;
				BUNDLE_LOADER = "$(TEST_HOST)";
				DEVELOPMENT_TEAM = 4TXS6T9GMD;
				INFOPLIST_FILE = chocolateTests/Info.plist;
				LD_RUNPATH_SEARCH_PATHS = "$(inherited) @executable_path/Frameworks @loader_path/Frameworks";
				PRODUCT_BUNDLE_IDENTIFIER = com.harsh.chocolateTests;
				PRODUCT_NAME = "$(TARGET_NAME)";
				SWIFT_VERSION = 3.0;
				TEST_HOST = "$(BUILT_PRODUCTS_DIR)/chocolate.app/chocolate";
			};
			name = Debug;
		};
		03F8108E1F3FCBB300CB3D78 /* Release */ = {
			isa = XCBuildConfiguration;
			baseConfigurationReference = 98733014E6CB52ACCDCDCDAF /* Pods-chocolateTests.release.xcconfig */;
			buildSettings = {
				ALWAYS_EMBED_SWIFT_STANDARD_LIBRARIES = YES;
				BUNDLE_LOADER = "$(TEST_HOST)";
				DEVELOPMENT_TEAM = 4TXS6T9GMD;
				INFOPLIST_FILE = chocolateTests/Info.plist;
				LD_RUNPATH_SEARCH_PATHS = "$(inherited) @executable_path/Frameworks @loader_path/Frameworks";
				PRODUCT_BUNDLE_IDENTIFIER = com.harsh.chocolateTests;
				PRODUCT_NAME = "$(TARGET_NAME)";
				SWIFT_VERSION = 3.0;
				TEST_HOST = "$(BUILT_PRODUCTS_DIR)/chocolate.app/chocolate";
			};
			name = Release;
		};
/* End XCBuildConfiguration section */

/* Begin XCConfigurationList section */
		03F810671F3FCBB300CB3D78 /* Build configuration list for PBXProject "chocolate" */ = {
			isa = XCConfigurationList;
			buildConfigurations = (
				03F810871F3FCBB300CB3D78 /* Debug */,
				03F810881F3FCBB300CB3D78 /* Release */,
			);
			defaultConfigurationIsVisible = 0;
			defaultConfigurationName = Release;
		};
		03F810891F3FCBB300CB3D78 /* Build configuration list for PBXNativeTarget "chocolate" */ = {
			isa = XCConfigurationList;
			buildConfigurations = (
				03F8108A1F3FCBB300CB3D78 /* Debug */,
				03F8108B1F3FCBB300CB3D78 /* Release */,
			);
			defaultConfigurationIsVisible = 0;
			defaultConfigurationName = Release;
		};
		03F8108C1F3FCBB300CB3D78 /* Build configuration list for PBXNativeTarget "chocolateTests" */ = {
			isa = XCConfigurationList;
			buildConfigurations = (
				03F8108D1F3FCBB300CB3D78 /* Debug */,
				03F8108E1F3FCBB300CB3D78 /* Release */,
			);
			defaultConfigurationIsVisible = 0;
			defaultConfigurationName = Release;
		};
/* End XCConfigurationList section */
	};
	rootObject = 03F810641F3FCBB300CB3D78 /* Project object */;
}
